// !$*UTF8*$!
{
	archiveVersion = 1;
	classes = {
	};
	objectVersion = 56;
	objects = {

/* Begin PBXBuildFile section */
		BJL000000000000000000101 /* BlackjackLearnApp.swift in Sources */ = {isa = PBXBuildFile; fileRef = BJL000000000000000000201 /* BlackjackLearnApp.swift */; };
		BJL000000000000000000102 /* BlackjackModels.swift in Sources */ = {isa = PBXBuildFile; fileRef = BJL000000000000000000202 /* BlackjackModels.swift */; };
		BJL000000000000000000103 /* BlackjackStrategy.swift in Sources */ = {isa = PBXBuildFile; fileRef = BJL000000000000000000203 /* BlackjackStrategy.swift */; };
		BJL000000000000000000104 /* CardComponents.swift in Sources */ = {isa = PBXBuildFile; fileRef = BJL000000000000000000204 /* CardComponents.swift */; };
		BJL000000000000000000105 /* AppRootView.swift in Sources */ = {isa = PBXBuildFile; fileRef = BJL000000000000000000205 /* AppRootView.swift */; };
		BJL000000000000000000106 /* LearnView.swift in Sources */ = {isa = PBXBuildFile; fileRef = BJL000000000000000000206 /* LearnView.swift */; };
		BJL000000000000000000107 /* PracticeTrainerView.swift in Sources */ = {isa = PBXBuildFile; fileRef = BJL000000000000000000207 /* PracticeTrainerView.swift */; };
		BJL000000000000000000108 /* StrategyReferenceView.swift in Sources */ = {isa = PBXBuildFile; fileRef = BJL000000000000000000208 /* StrategyReferenceView.swift */; };
		BJL000000000000000000109 /* PracticeTrainerComponents.swift in Sources */ = {isa = PBXBuildFile; fileRef = BJL000000000000000000209 /* PracticeTrainerComponents.swift */; };
		BJL000000000000000000110 /* Assets.xcassets in Resources */ = {isa = PBXBuildFile; fileRef = BJL000000000000000000210 /* Assets.xcassets */; };
/* End PBXBuildFile section */

/* Begin PBXFileReference section */
		BJL000000000000000000001 /* BlackjackLearn.app */ = {isa = PBXFileReference; explicitFileType = wrapper.application; includeInIndex = 0; path = BlackjackLearn.app; sourceTree = BUILT_PRODUCTS_DIR; };
		BJL000000000000000000201 /* BlackjackLearnApp.swift */ = {isa = PBXFileReference; lastKnownFileType = sourcecode.swift; path = BlackjackLearnApp.swift; sourceTree = "<group>"; };
		BJL000000000000000000202 /* BlackjackModels.swift */ = {isa = PBXFileReference; lastKnownFileType = sourcecode.swift; path = BlackjackModels.swift; sourceTree = "<group>"; };
		BJL000000000000000000203 /* BlackjackStrategy.swift */ = {isa = PBXFileReference; lastKnownFileType = sourcecode.swift; path = BlackjackStrategy.swift; sourceTree = "<group>"; };
		BJL000000000000000000204 /* CardComponents.swift */ = {isa = PBXFileReference; lastKnownFileType = sourcecode.swift; path = CardComponents.swift; sourceTree = "<group>"; };
		BJL000000000000000000205 /* AppRootView.swift */ = {isa = PBXFileReference; lastKnownFileType = sourcecode.swift; path = AppRootView.swift; sourceTree = "<group>"; };
		BJL000000000000000000206 /* LearnView.swift */ = {isa = PBXFileReference; lastKnownFileType = sourcecode.swift; path = LearnView.swift; sourceTree = "<group>"; };
		BJL000000000000000000207 /* PracticeTrainerView.swift */ = {isa = PBXFileReference; lastKnownFileType = sourcecode.swift; path = PracticeTrainerView.swift; sourceTree = "<group>"; };
		BJL000000000000000000208 /* StrategyReferenceView.swift */ = {isa = PBXFileReference; lastKnownFileType = sourcecode.swift; path = StrategyReferenceView.swift; sourceTree = "<group>"; };
		BJL000000000000000000209 /* PracticeTrainerComponents.swift */ = {isa = PBXFileReference; lastKnownFileType = sourcecode.swift; path = PracticeTrainerComponents.swift; sourceTree = "<group>"; };
		BJL000000000000000000210 /* Assets.xcassets */ = {isa = PBXFileReference; lastKnownFileType = folder.assetcatalog; path = Assets.xcassets; sourceTree = "<group>"; };
/* End PBXFileReference section */

/* Begin PBXFrameworksBuildPhase section */
		BJL000000000000000000003 /* Frameworks */ = {
			isa = PBXFrameworksBuildPhase;
			buildActionMask = 2147483647;
			files = (
			);
			runOnlyForDeploymentPostprocessing = 0;
		};
/* End PBXFrameworksBuildPhase section */

/* Begin PBXGroup section */
		BJL000000000000000000010 = {
			isa = PBXGroup;
			children = (
				BJL000000000000000000011 /* BlackjackLearn */,
				BJL000000000000000000012 /* Products */,
			);
			sourceTree = "<group>";
		};
		BJL000000000000000000011 /* BlackjackLearn */ = {
			isa = PBXGroup;
			children = (
				BJL000000000000000000201 /* BlackjackLearnApp.swift */,
				BJL000000000000000000202 /* BlackjackModels.swift */,
				BJL000000000000000000203 /* BlackjackStrategy.swift */,
				BJL000000000000000000204 /* CardComponents.swift */,
				BJL000000000000000000205 /* AppRootView.swift */,
				BJL000000000000000000206 /* LearnView.swift */,
				BJL000000000000000000207 /* PracticeTrainerView.swift */,
				BJL000000000000000000209 /* PracticeTrainerComponents.swift */,
				BJL000000000000000000208 /* StrategyReferenceView.swift */,
				BJL000000000000000000210 /* Assets.xcassets */,
			);
			path = BlackjackLearn;
			sourceTree = "<group>";
		};
		BJL000000000000000000012 /* Products */ = {
			isa = PBXGroup;
			children = (
				BJL000000000000000000001 /* BlackjackLearn.app */,
			);
			name = Products;
			sourceTree = "<group>";
		};
/* End PBXGroup section */

/* Begin PBXNativeTarget section */
		BJL000000000000000000002 /* BlackjackLearn */ = {
			isa = PBXNativeTarget;
			buildConfigurationList = BJL000000000000000000302 /* Build configuration list for PBXNativeTarget "BlackjackLearn" */;
			buildPhases = (
				BJL000000000000000000004 /* Sources */,
				BJL000000000000000000003 /* Frameworks */,
				BJL000000000000000000005 /* Resources */,
			);
			buildRules = (
			);
			dependencies = (
			);
			name = BlackjackLearn;
			productName = BlackjackLearn;
			productReference = BJL000000000000000000001 /* BlackjackLearn.app */;
			productType = "com.apple.product-type.application";
		};
/* End PBXNativeTarget section */

/* Begin PBXProject section */
		BJL000000000000000000000 /* Project object */ = {
			isa = PBXProject;
			attributes = {
				BuildIndependentTargetsInParallel = 1;
				LastSwiftUpdateCheck = 2630;
				LastUpgradeCheck = 2630;
				TargetAttributes = {
					BJL000000000000000000002 = {
						CreatedOnToolsVersion = 26.3;
					};
				};
			};
			buildConfigurationList = BJL000000000000000000301 /* Build configuration list for PBXProject "BlackjackLearn" */;
			compatibilityVersion = "Xcode 14.0";
			developmentRegion = en;
			hasScannedForEncodings = 0;
			knownRegions = (
				en,
				Base,
			);
			mainGroup = BJL000000000000000000010;
			productRefGroup = BJL000000000000000000012 /* Products */;
			projectDirPath = "";
			projectRoot = "";
			targets = (
				BJL000000000000000000002 /* BlackjackLearn */,
			);
		};
/* End PBXProject section */

/* Begin PBXResourcesBuildPhase section */
		BJL000000000000000000005 /* Resources */ = {
			isa = PBXResourcesBuildPhase;
			buildActionMask = 2147483647;
			files = (
				BJL000000000000000000110 /* Assets.xcassets in Resources */,
			);
			runOnlyForDeploymentPostprocessing = 0;
		};
/* End PBXResourcesBuildPhase section */

/* Begin PBXSourcesBuildPhase section */
		BJL000000000000000000004 /* Sources */ = {
			isa = PBXSourcesBuildPhase;
			buildActionMask = 2147483647;
			files = (
				BJL000000000000000000101 /* BlackjackLearnApp.swift in Sources */,
				BJL000000000000000000102 /* BlackjackModels.swift in Sources */,
				BJL000000000000000000103 /* BlackjackStrategy.swift in Sources */,
				BJL000000000000000000104 /* CardComponents.swift in Sources */,
				BJL000000000000000000105 /* AppRootView.swift in Sources */,
				BJL000000000000000000106 /* LearnView.swift in Sources */,
				BJL000000000000000000107 /* PracticeTrainerView.swift in Sources */,
				BJL000000000000000000109 /* PracticeTrainerComponents.swift in Sources */,
				BJL000000000000000000108 /* StrategyReferenceView.swift in Sources */,
			);
			runOnlyForDeploymentPostprocessing = 0;
		};
/* End PBXSourcesBuildPhase section */

/* Begin XCBuildConfiguration section */
		BJL000000000000000000401 /* Debug */ = {
			isa = XCBuildConfiguration;
			buildSettings = {
				ALWAYS_SEARCH_USER_PATHS = NO;
				CLANG_ANALYZER_NONNULL = YES;
				CLANG_ANALYZER_NUMBER_OBJECT_CONVERSION = YES_AGGRESSIVE;
				CLANG_CXX_LANGUAGE_STANDARD = "gnu++20";
				CLANG_ENABLE_MODULES = YES;
				CLANG_ENABLE_OBJC_ARC = YES;
				CLANG_ENABLE_OBJC_WEAK = YES;
				CLANG_WARN_BLOCK_CAPTURE_AUTORELEASING = YES;
				CLANG_WARN_BOOL_CONVERSION = YES;
				CLANG_WARN_COMMA = YES;
				CLANG_WARN_CONSTANT_CONVERSION = YES;
				CLANG_WARN_DEPRECATED_OBJC_IMPLEMENTATIONS = YES;
				CLANG_WARN_DIRECT_OBJC_ISA_USAGE = YES_ERROR;
				CLANG_WARN_DOCUMENTATION_COMMENTS = YES;
				CLANG_WARN_EMPTY_BODY = YES;
				CLANG_WARN_ENUM_CONVERSION = YES;
				CLANG_WARN_INFINITE_RECURSION = YES;
				CLANG_WARN_INT_CONVERSION = YES;
				CLANG_WARN_NON_LITERAL_NULL_CONVERSION = YES;
				CLANG_WARN_OBJC_IMPLICIT_RETAIN_SELF = YES;
				CLANG_WARN_OBJC_LITERAL_CONVERSION = YES;
				CLANG_WARN_OBJC_ROOT_CLASS = YES_ERROR;
				CLANG_WARN_QUOTED_INCLUDE_IN_FRAMEWORK_HEADER = YES;
				CLANG_WARN_RANGE_LOOP_ANALYSIS = YES;
				CLANG_WARN_STRICT_PROTOTYPES = YES;
				CLANG_WARN_SUSPICIOUS_MOVE = YES;
				CLANG_WARN_UNGUARDED_AVAILABILITY = YES_AGGRESSIVE;
				CLANG_WARN_UNREACHABLE_CODE = YES;
				CLANG_WARN__DUPLICATE_METHOD_MATCH = YES;
				COPY_PHASE_STRIP = NO;
				DEBUG_INFORMATION_FORMAT = dwarf;
				ENABLE_STRICT_OBJC_MSGSEND = YES;
				ENABLE_TESTABILITY = YES;
				ENABLE_USER_SCRIPT_SANDBOXING = YES;
				GCC_C_LANGUAGE_STANDARD = gnu17;
				GCC_DYNAMIC_NO_PIC = NO;
				GCC_NO_COMMON_BLOCKS = YES;
				GCC_OPTIMIZATION_LEVEL = 0;
				GCC_PREPROCESSOR_DEFINITIONS = (
					"DEBUG=1",
					"$(inherited)",
				);
				GCC_WARN_64_TO_32_BIT_CONVERSION = YES;
				GCC_WARN_ABOUT_RETURN_TYPE = YES_ERROR;
				GCC_WARN_UNDECLARED_SELECTOR = YES;
				GCC_WARN_UNINITIALIZED_AUTOS = YES_AGGRESSIVE;
				GCC_WARN_UNUSED_FUNCTION = YES;
				GCC_WARN_UNUSED_VARIABLE = YES;
				MTL_ENABLE_DEBUG_INFO = INCLUDE_SOURCE;
				MTL_FAST_MATH = YES;
				ONLY_ACTIVE_ARCH = YES;
				SDKROOT = iphoneos;
				SWIFT_ACTIVE_COMPILATION_CONDITIONS = "DEBUG $(inherited)";
				SWIFT_OPTIMIZATION_LEVEL = "-Onone";
			};
			name = Debug;
		};
		BJL000000000000000000402 /* Release */ = {
			isa = XCBuildConfiguration;
			buildSettings = {
				ALWAYS_SEARCH_USER_PATHS = NO;
				CLANG_ANALYZER_NONNULL = YES;
				CLANG_ANALYZER_NUMBER_OBJECT_CONVERSION = YES_AGGRESSIVE;
				CLANG_CXX_LANGUAGE_STANDARD = "gnu++20";
				CLANG_ENABLE_MODULES = YES;
				CLANG_ENABLE_OBJC_ARC = YES;
				CLANG_ENABLE_OBJC_WEAK = YES;
				CLANG_WARN_BLOCK_CAPTURE_AUTORELEASING = YES;
				CLANG_WARN_BOOL_CONVERSION = YES;
				CLANG_WARN_COMMA = YES;
				CLANG_WARN_CONSTANT_CONVERSION = YES;
				CLANG_WARN_DEPRECATED_OBJC_IMPLEMENTATIONS = YES;
				CLANG_WARN_DIRECT_OBJC_ISA_USAGE = YES_ERROR;
				CLANG_WARN_DOCUMENTATION_COMMENTS = YES;
				CLANG_WARN_EMPTY_BODY = YES;
				CLANG_WARN_ENUM_CONVERSION = YES;
				CLANG_WARN_INFINITE_RECURSION = YES;
				CLANG_WARN_INT_CONVERSION = YES;
				CLANG_WARN_NON_LITERAL_NULL_CONVERSION = YES;
				CLANG_WARN_OBJC_IMPLICIT_RETAIN_SELF = YES;
				CLANG_WARN_OBJC_LITERAL_CONVERSION = YES;
				CLANG_WARN_OBJC_ROOT_CLASS = YES_ERROR;
				CLANG_WARN_QUOTED_INCLUDE_IN_FRAMEWORK_HEADER = YES;
				CLANG_WARN_RANGE_LOOP_ANALYSIS = YES;
				CLANG_WARN_STRICT_PROTOTYPES = YES;
				CLANG_WARN_SUSPICIOUS_MOVE = YES;
				CLANG_WARN_UNGUARDED_AVAILABILITY = YES_AGGRESSIVE;
				CLANG_WARN_UNREACHABLE_CODE = YES;
				CLANG_WARN__DUPLICATE_METHOD_MATCH = YES;
				COPY_PHASE_STRIP = NO;
				DEBUG_INFORMATION_FORMAT = "dwarf-with-dsym";
				ENABLE_NS_ASSERTIONS = NO;
				ENABLE_STRICT_OBJC_MSGSEND = YES;
				ENABLE_USER_SCRIPT_SANDBOXING = YES;
				GCC_C_LANGUAGE_STANDARD = gnu17;
				GCC_NO_COMMON_BLOCKS = YES;
				GCC_WARN_64_TO_32_BIT_CONVERSION = YES;
				GCC_WARN_ABOUT_RETURN_TYPE = YES_ERROR;
				GCC_WARN_UNDECLARED_SELECTOR = YES;
				GCC_WARN_UNINITIALIZED_AUTOS = YES_AGGRESSIVE;
				GCC_WARN_UNUSED_FUNCTION = YES;
				GCC_WARN_UNUSED_VARIABLE = YES;
				MTL_ENABLE_DEBUG_INFO = NO;
				MTL_FAST_MATH = YES;
				SDKROOT = iphoneos;
				SWIFT_COMPILATION_MODE = wholemodule;
				VALIDATE_PRODUCT = YES;
			};
			name = Release;
		};
		BJL000000000000000000403 /* Debug */ = {
			isa = XCBuildConfiguration;
			buildSettings = {
				ASSETCATALOG_COMPILER_APPICON_NAME = AppIcon;
				CODE_SIGN_STYLE = Automatic;
				CURRENT_PROJECT_VERSION = 1;
				ENABLE_PREVIEWS = YES;
				GENERATE_INFOPLIST_FILE = YES;
				INFOPLIST_KEY_CFBundleDisplayName = "Blackjack Learn";
				"INFOPLIST_KEY_UIApplicationSceneManifest_Generation[sdk=iphoneos*]" = YES;
				"INFOPLIST_KEY_UIApplicationSceneManifest_Generation[sdk=iphonesimulator*]" = YES;
				"INFOPLIST_KEY_UIApplicationSupportsIndirectInputEvents[sdk=iphoneos*]" = YES;
				"INFOPLIST_KEY_UIApplicationSupportsIndirectInputEvents[sdk=iphonesimulator*]" = YES;
				"INFOPLIST_KEY_UILaunchScreen_Generation[sdk=iphoneos*]" = YES;
				"INFOPLIST_KEY_UILaunchScreen_Generation[sdk=iphonesimulator*]" = YES;
				INFOPLIST_KEY_UISupportedInterfaceOrientations = UIInterfaceOrientationPortrait;
				INFOPLIST_KEY_UISupportedInterfaceOrientations_iPad = "UIInterfaceOrientationLandscapeLeft UIInterfaceOrientationLandscapeRight UIInterfaceOrientationPortrait UIInterfaceOrientationPortraitUpsideDown";
				IPHONEOS_DEPLOYMENT_TARGET = 17.0;
				LD_RUNPATH_SEARCH_PATHS = "@executable_path/Frameworks";
				MARKETING_VERSION = 1.0;
				PRODUCT_BUNDLE_IDENTIFIER = com.local.blackjacklearn;
				PRODUCT_NAME = "$(TARGET_NAME)";
				SDKROOT = iphoneos;
				SUPPORTED_PLATFORMS = "iphoneos iphonesimulator";
				SUPPORTS_MACCATALYST = NO;
				SWIFT_EMIT_LOC_STRINGS = YES;
				SWIFT_VERSION = 5.0;
				TARGETED_DEVICE_FAMILY = "1,2";
			};
			name = Debug;
		};
		BJL000000000000000000404 /* Release */ = {
			isa = XCBuildConfiguration;
			buildSettings = {
				ASSETCATALOG_COMPILER_APPICON_NAME = AppIcon;
				CODE_SIGN_STYLE = Automatic;
				CURRENT_PROJECT_VERSION = 1;
				ENABLE_PREVIEWS = YES;
				GENERATE_INFOPLIST_FILE = YES;
				INFOPLIST_KEY_CFBundleDisplayName = "Blackjack Learn";
				"INFOPLIST_KEY_UIApplicationSceneManifest_Generation[sdk=iphoneos*]" = YES;
				"INFOPLIST_KEY_UIApplicationSceneManifest_Generation[sdk=iphonesimulator*]" = YES;
				"INFOPLIST_KEY_UIApplicationSupportsIndirectInputEvents[sdk=iphoneos*]" = YES;
				"INFOPLIST_KEY_UIApplicationSupportsIndirectInputEvents[sdk=iphonesimulator*]" = YES;
				"INFOPLIST_KEY_UILaunchScreen_Generation[sdk=iphoneos*]" = YES;
				"INFOPLIST_KEY_UILaunchScreen_Generation[sdk=iphonesimulator*]" = YES;
				INFOPLIST_KEY_UISupportedInterfaceOrientations = UIInterfaceOrientationPortrait;
				INFOPLIST_KEY_UISupportedInterfaceOrientations_iPad = "UIInterfaceOrientationLandscapeLeft UIInterfaceOrientationLandscapeRight UIInterfaceOrientationPortrait UIInterfaceOrientationPortraitUpsideDown";
				IPHONEOS_DEPLOYMENT_TARGET = 17.0;
				LD_RUNPATH_SEARCH_PATHS = "@executable_path/Frameworks";
				MARKETING_VERSION = 1.0;
				PRODUCT_BUNDLE_IDENTIFIER = com.local.blackjacklearn;
				PRODUCT_NAME = "$(TARGET_NAME)";
				SDKROOT = iphoneos;
				SUPPORTED_PLATFORMS = "iphoneos iphonesimulator";
				SUPPORTS_MACCATALYST = NO;
				SWIFT_EMIT_LOC_STRINGS = YES;
				SWIFT_VERSION = 5.0;
				TARGETED_DEVICE_FAMILY = "1,2";
			};
			name = Release;
		};
/* End XCBuildConfiguration section */

/* Begin XCConfigurationList section */
		BJL000000000000000000301 /* Build configuration list for PBXProject "BlackjackLearn" */ = {
			isa = XCConfigurationList;
			buildConfigurations = (
				BJL000000000000000000401 /* Debug */,
				BJL000000000000000000402 /* Release */,
			);
			defaultConfigurationIsVisible = 0;
			defaultConfigurationName = Release;
		};
		BJL000000000000000000302 /* Build configuration list for PBXNativeTarget "BlackjackLearn" */ = {
			isa = XCConfigurationList;
			buildConfigurations = (
				BJL000000000000000000403 /* Debug */,
				BJL000000000000000000404 /* Release */,
			);
			defaultConfigurationIsVisible = 0;
			defaultConfigurationName = Release;
		};
/* End XCConfigurationList section */
	};
	rootObject = BJL000000000000000000000 /* Project object */;
}
